
Microsoft Visual Studio Solution File, Format Version 12.00
# Visual Studio Version 17
VisualStudioVersion = 17.6.33829.357
MinimumVisualStudioVersion = 10.0.40219.1
Project("{FAE04EC0-301F-11D3-BF4B-00C04F79EFBC}") = "AulaCsharp", "AulaCsharp.csproj", "{A64DFB0A-D617-4E3D-954D-E88BAC7285D4}"
EndProject
Global
	GlobalSection(SolutionConfigurationPlatforms) = preSolution
		Debug|Any CPU = Debug|Any CPU
		Release|Any CPU = Release|Any CPU
	EndGlobalSection
	GlobalSection(ProjectConfigurationPlatforms) = postSolution
		{A64DFB0A-D617-4E3D-954D-E88BAC7285D4}.Debug|Any CPU.ActiveCfg = Debug|Any CPU
		{A64DFB0A-D617-4E3D-954D-E88BAC7285D4}.Debug|Any CPU.Build.0 = Debug|Any CPU
		{A64DFB0A-D617-4E3D-954D-E88BAC7285D4}.Release|Any CPU.ActiveCfg = Release|Any CPU
		{A64DFB0A-D617-4E3D-954D-E88BAC7285D4}.Release|Any CPU.Build.0 = Release|Any CPU
	EndGlobalSection
	GlobalSection(SolutionProperties) = preSolution
		HideSolutionNode = FALSE
	EndGlobalSection
	GlobalSection(ExtensibilityGlobals) = postSolution
		SolutionGuid = {E6EF1A5F-EFF1-4FC6-9F7A-11B3363247F9}
	EndGlobalSection
EndGlobal
